
Microsoft Visual Studio Solution File, Format Version 12.00
# Visual Studio Version 16
VisualStudioVersion = 16.0.31515.178
MinimumVisualStudioVersion = 10.0.40219.1
Project("{888888A0-9F3D-457C-B088-3A5042F75D52}") = "Country", "Country.pyproj", "{678D7826-4C4B-4D44-A7C1-724EB22D665A}"
EndProject
Global
	GlobalSection(SolutionConfigurationPlatforms) = preSolution
		Debug|Any CPU = Debug|Any CPU
		Release|Any CPU = Release|Any CPU
	EndGlobalSection
	GlobalSection(ProjectConfigurationPlatforms) = postSolution
		{678D7826-4C4B-4D44-A7C1-724EB22D665A}.Debug|Any CPU.ActiveCfg = Debug|Any CPU
		{678D7826-4C4B-4D44-A7C1-724EB22D665A}.Release|Any CPU.ActiveCfg = Release|Any CPU
	EndGlobalSection
	GlobalSection(SolutionProperties) = preSolution
		HideSolutionNode = FALSE
	EndGlobalSection
	GlobalSection(ExtensibilityGlobals) = postSolution
		SolutionGuid = {30C779A5-1CFF-4DF1-888E-187ED8CCAD2F}
	EndGlobalSection
EndGlobal
